
Microsoft Visual Studio Solution File, Format Version 12.00
# Visual Studio Version 16
VisualStudioVersion = 16.0.31727.386
MinimumVisualStudioVersion = 10.0.40219.1
Project("{FAE04EC0-301F-11D3-BF4B-00C04F79EFBC}") = "T1", "T1\T1.csproj", "{054E915B-5F90-4FB9-AF4B-0A6C5318D450}"
EndProject
Global
	GlobalSection(SolutionConfigurationPlatforms) = preSolution
		Debug|Any CPU = Debug|Any CPU
		Release|Any CPU = Release|Any CPU
	EndGlobalSection
	GlobalSection(ProjectConfigurationPlatforms) = postSolution
		{054E915B-5F90-4FB9-AF4B-0A6C5318D450}.Debug|Any CPU.ActiveCfg = Debug|Any CPU
		{054E915B-5F90-4FB9-AF4B-0A6C5318D450}.Debug|Any CPU.Build.0 = Debug|Any CPU
		{054E915B-5F90-4FB9-AF4B-0A6C5318D450}.Release|Any CPU.ActiveCfg = Release|Any CPU
		{054E915B-5F90-4FB9-AF4B-0A6C5318D450}.Release|Any CPU.Build.0 = Release|Any CPU
	EndGlobalSection
	GlobalSection(SolutionProperties) = preSolution
		HideSolutionNode = FALSE
	EndGlobalSection
	GlobalSection(ExtensibilityGlobals) = postSolution
		SolutionGuid = {3E13054E-DAE4-4E42-9F8E-E6995D86F38A}
	EndGlobalSection
EndGlobal
